
Microsoft Visual Studio Solution File, Format Version 12.00
# Visual Studio Version 17
VisualStudioVersion = 17.14.36221.1 d17.14
MinimumVisualStudioVersion = 10.0.40219.1
Project("{FAE04EC0-301F-11D3-BF4B-00C04F79EFBC}") = "Assignment_4.1.2", "Assignment_4.1.2.csproj", "{ECD9048B-1A9D-42EC-972E-26D083C0E4B5}"
EndProject
Global
	GlobalSection(SolutionConfigurationPlatforms) = preSolution
		Debug|Any CPU = Debug|Any CPU
		Release|Any CPU = Release|Any CPU
	EndGlobalSection
	GlobalSection(ProjectConfigurationPlatforms) = postSolution
		{ECD9048B-1A9D-42EC-972E-26D083C0E4B5}.Debug|Any CPU.ActiveCfg = Debug|Any CPU
		{ECD9048B-1A9D-42EC-972E-26D083C0E4B5}.Debug|Any CPU.Build.0 = Debug|Any CPU
		{ECD9048B-1A9D-42EC-972E-26D083C0E4B5}.Release|Any CPU.ActiveCfg = Release|Any CPU
		{ECD9048B-1A9D-42EC-972E-26D083C0E4B5}.Release|Any CPU.Build.0 = Release|Any CPU
	EndGlobalSection
	GlobalSection(SolutionProperties) = preSolution
		HideSolutionNode = FALSE
	EndGlobalSection
	GlobalSection(ExtensibilityGlobals) = postSolution
		SolutionGuid = {DDCE249C-392C-4D45-8FCB-8F4F5A096B1C}
	EndGlobalSection
EndGlobal
